
Microsoft Visual Studio Solution File, Format Version 11.00
# Visual Studio 2010
Project("{FAE04EC0-301F-11D3-BF4B-00C04F79EFBC}") = "Evercraft_WP7_Tests", "Evercraft_WP7_Tests\Evercraft_WP7_Tests.csproj", "{59865831-A5ED-4DF1-AF02-8218E8725E09}"
EndProject
Project("{FAE04EC0-301F-11D3-BF4B-00C04F79EFBC}") = "Evercraft", "Evercraft\Evercraft.csproj", "{98D7ED5D-CA91-4669-A180-98596B6B9798}"
EndProject
Global
	GlobalSection(SolutionConfigurationPlatforms) = preSolution
		Debug|Any CPU = Debug|Any CPU
		Release|Any CPU = Release|Any CPU
	EndGlobalSection
	GlobalSection(ProjectConfigurationPlatforms) = postSolution
		{59865831-A5ED-4DF1-AF02-8218E8725E09}.Debug|Any CPU.ActiveCfg = Debug|Any CPU
		{59865831-A5ED-4DF1-AF02-8218E8725E09}.Debug|Any CPU.Build.0 = Debug|Any CPU
		{59865831-A5ED-4DF1-AF02-8218E8725E09}.Debug|Any CPU.Deploy.0 = Debug|Any CPU
		{59865831-A5ED-4DF1-AF02-8218E8725E09}.Release|Any CPU.ActiveCfg = Release|Any CPU
		{59865831-A5ED-4DF1-AF02-8218E8725E09}.Release|Any CPU.Build.0 = Release|Any CPU
		{59865831-A5ED-4DF1-AF02-8218E8725E09}.Release|Any CPU.Deploy.0 = Release|Any CPU
		{98D7ED5D-CA91-4669-A180-98596B6B9798}.Debug|Any CPU.ActiveCfg = Debug|Any CPU
		{98D7ED5D-CA91-4669-A180-98596B6B9798}.Debug|Any CPU.Build.0 = Debug|Any CPU
		{98D7ED5D-CA91-4669-A180-98596B6B9798}.Release|Any CPU.ActiveCfg = Release|Any CPU
		{98D7ED5D-CA91-4669-A180-98596B6B9798}.Release|Any CPU.Build.0 = Release|Any CPU
	EndGlobalSection
	GlobalSection(SolutionProperties) = preSolution
		HideSolutionNode = FALSE
	EndGlobalSection
EndGlobal
