
Microsoft Visual Studio Solution File, Format Version 12.00
# Visual Studio 2013
VisualStudioVersion = 12.0.21005.1
MinimumVisualStudioVersion = 10.0.40219.1
Project("{FAE04EC0-301F-11D3-BF4B-00C04F79EFBC}") = "RomanConverter_XAML.Tests", "RomanConverter_XAML.Tests\RomanConverter_XAML.Tests.csproj", "{D5FE0077-41DE-4F02-B060-0FA9868FBB5C}"
EndProject
Project("{FAE04EC0-301F-11D3-BF4B-00C04F79EFBC}") = "RomanConverter_XAML.Tests.NUnit", "RomanConverter_XAML.Tests.NUnit\RomanConverter_XAML.Tests.NUnit.csproj", "{73E98A65-B932-4054-833A-707E96C4AD34}"
EndProject
Project("{FAE04EC0-301F-11D3-BF4B-00C04F79EFBC}") = "RomanConverter_XAML", "RomanConverter_XAML\RomanConverter_XAML.csproj", "{8EC2C76E-C21F-4ABA-A369-93BE1F675B17}"
EndProject
Project("{2150E333-8FDC-42A3-9474-1A3956D46DE8}") = "XAML", "XAML", "{ACDC7360-A651-4A94-9215-5200D6BF36FD}"
EndProject
Project("{2150E333-8FDC-42A3-9474-1A3956D46DE8}") = "JavaScript", "JavaScript", "{DFB0032B-EF1F-4F35-BCD8-8C1366F41323}"
EndProject
Project("{FAE04EC0-301F-11D3-BF4B-00C04F79EFBC}") = "RomanConverter_XAML.UITests", "RomanConverter_XAML.UITests\RomanConverter_XAML.UITests.csproj", "{F7672958-A3D4-4D92-8E18-824A96C0B6E7}"
EndProject
Project("{262852C6-CD72-467D-83FE-5EEB1973A190}") = "RomanConverter_JS", "RomanConverter_JS\RomanConverter_JS.jsproj", "{A180110E-FB56-49A9-8F7E-3F59911C0F8A}"
EndProject
Global
	GlobalSection(SolutionConfigurationPlatforms) = preSolution
		Debug|Any CPU = Debug|Any CPU
		Debug|ARM = Debug|ARM
		Debug|x64 = Debug|x64
		Debug|x86 = Debug|x86
		Release|Any CPU = Release|Any CPU
		Release|ARM = Release|ARM
		Release|x64 = Release|x64
		Release|x86 = Release|x86
	EndGlobalSection
	GlobalSection(ProjectConfigurationPlatforms) = postSolution
		{D5FE0077-41DE-4F02-B060-0FA9868FBB5C}.Debug|Any CPU.ActiveCfg = Debug|Any CPU
		{D5FE0077-41DE-4F02-B060-0FA9868FBB5C}.Debug|Any CPU.Build.0 = Debug|Any CPU
		{D5FE0077-41DE-4F02-B060-0FA9868FBB5C}.Debug|Any CPU.Deploy.0 = Debug|Any CPU
		{D5FE0077-41DE-4F02-B060-0FA9868FBB5C}.Debug|ARM.ActiveCfg = Debug|ARM
		{D5FE0077-41DE-4F02-B060-0FA9868FBB5C}.Debug|ARM.Build.0 = Debug|ARM
		{D5FE0077-41DE-4F02-B060-0FA9868FBB5C}.Debug|ARM.Deploy.0 = Debug|ARM
		{D5FE0077-41DE-4F02-B060-0FA9868FBB5C}.Debug|x64.ActiveCfg = Debug|x64
		{D5FE0077-41DE-4F02-B060-0FA9868FBB5C}.Debug|x64.Build.0 = Debug|x64
		{D5FE0077-41DE-4F02-B060-0FA9868FBB5C}.Debug|x64.Deploy.0 = Debug|x64
		{D5FE0077-41DE-4F02-B060-0FA9868FBB5C}.Debug|x86.ActiveCfg = Debug|x86
		{D5FE0077-41DE-4F02-B060-0FA9868FBB5C}.Debug|x86.Build.0 = Debug|x86
		{D5FE0077-41DE-4F02-B060-0FA9868FBB5C}.Debug|x86.Deploy.0 = Debug|x86
		{D5FE0077-41DE-4F02-B060-0FA9868FBB5C}.Release|Any CPU.ActiveCfg = Release|Any CPU
		{D5FE0077-41DE-4F02-B060-0FA9868FBB5C}.Release|Any CPU.Build.0 = Release|Any CPU
		{D5FE0077-41DE-4F02-B060-0FA9868FBB5C}.Release|Any CPU.Deploy.0 = Release|Any CPU
		{D5FE0077-41DE-4F02-B060-0FA9868FBB5C}.Release|ARM.ActiveCfg = Release|ARM
		{D5FE0077-41DE-4F02-B060-0FA9868FBB5C}.Release|ARM.Build.0 = Release|ARM
		{D5FE0077-41DE-4F02-B060-0FA9868FBB5C}.Release|ARM.Deploy.0 = Release|ARM
		{D5FE0077-41DE-4F02-B060-0FA9868FBB5C}.Release|x64.ActiveCfg = Release|x64
		{D5FE0077-41DE-4F02-B060-0FA9868FBB5C}.Release|x64.Build.0 = Release|x64
		{D5FE0077-41DE-4F02-B060-0FA9868FBB5C}.Release|x64.Deploy.0 = Release|x64
		{D5FE0077-41DE-4F02-B060-0FA9868FBB5C}.Release|x86.ActiveCfg = Release|x86
		{D5FE0077-41DE-4F02-B060-0FA9868FBB5C}.Release|x86.Build.0 = Release|x86
		{D5FE0077-41DE-4F02-B060-0FA9868FBB5C}.Release|x86.Deploy.0 = Release|x86
		{73E98A65-B932-4054-833A-707E96C4AD34}.Debug|Any CPU.ActiveCfg = Debug|Any CPU
		{73E98A65-B932-4054-833A-707E96C4AD34}.Debug|Any CPU.Build.0 = Debug|Any CPU
		{73E98A65-B932-4054-833A-707E96C4AD34}.Debug|ARM.ActiveCfg = Debug|ARM
		{73E98A65-B932-4054-833A-707E96C4AD34}.Debug|ARM.Build.0 = Debug|ARM
		{73E98A65-B932-4054-833A-707E96C4AD34}.Debug|x64.ActiveCfg = Debug|x64
		{73E98A65-B932-4054-833A-707E96C4AD34}.Debug|x64.Build.0 = Debug|x64
		{73E98A65-B932-4054-833A-707E96C4AD34}.Debug|x86.ActiveCfg = Debug|x86
		{73E98A65-B932-4054-833A-707E96C4AD34}.Debug|x86.Build.0 = Debug|x86
		{73E98A65-B932-4054-833A-707E96C4AD34}.Release|Any CPU.ActiveCfg = Release|Any CPU
		{73E98A65-B932-4054-833A-707E96C4AD34}.Release|Any CPU.Build.0 = Release|Any CPU
		{73E98A65-B932-4054-833A-707E96C4AD34}.Release|ARM.ActiveCfg = Release|ARM
		{73E98A65-B932-4054-833A-707E96C4AD34}.Release|ARM.Build.0 = Release|ARM
		{73E98A65-B932-4054-833A-707E96C4AD34}.Release|x64.ActiveCfg = Release|x64
		{73E98A65-B932-4054-833A-707E96C4AD34}.Release|x64.Build.0 = Release|x64
		{73E98A65-B932-4054-833A-707E96C4AD34}.Release|x86.ActiveCfg = Release|x86
		{73E98A65-B932-4054-833A-707E96C4AD34}.Release|x86.Build.0 = Release|x86
		{8EC2C76E-C21F-4ABA-A369-93BE1F675B17}.Debug|Any CPU.ActiveCfg = Debug|Any CPU
		{8EC2C76E-C21F-4ABA-A369-93BE1F675B17}.Debug|Any CPU.Build.0 = Debug|Any CPU
		{8EC2C76E-C21F-4ABA-A369-93BE1F675B17}.Debug|Any CPU.Deploy.0 = Debug|Any CPU
		{8EC2C76E-C21F-4ABA-A369-93BE1F675B17}.Debug|ARM.ActiveCfg = Debug|ARM
		{8EC2C76E-C21F-4ABA-A369-93BE1F675B17}.Debug|ARM.Build.0 = Debug|ARM
		{8EC2C76E-C21F-4ABA-A369-93BE1F675B17}.Debug|ARM.Deploy.0 = Debug|ARM
		{8EC2C76E-C21F-4ABA-A369-93BE1F675B17}.Debug|x64.ActiveCfg = Debug|x64
		{8EC2C76E-C21F-4ABA-A369-93BE1F675B17}.Debug|x64.Build.0 = Debug|x64
		{8EC2C76E-C21F-4ABA-A369-93BE1F675B17}.Debug|x64.Deploy.0 = Debug|x64
		{8EC2C76E-C21F-4ABA-A369-93BE1F675B17}.Debug|x86.ActiveCfg = Debug|x86
		{8EC2C76E-C21F-4ABA-A369-93BE1F675B17}.Debug|x86.Build.0 = Debug|x86
		{8EC2C76E-C21F-4ABA-A369-93BE1F675B17}.Debug|x86.Deploy.0 = Debug|x86
		{8EC2C76E-C21F-4ABA-A369-93BE1F675B17}.Release|Any CPU.ActiveCfg = Release|Any CPU
		{8EC2C76E-C21F-4ABA-A369-93BE1F675B17}.Release|Any CPU.Build.0 = Release|Any CPU
		{8EC2C76E-C21F-4ABA-A369-93BE1F675B17}.Release|Any CPU.Deploy.0 = Release|Any CPU
		{8EC2C76E-C21F-4ABA-A369-93BE1F675B17}.Release|ARM.ActiveCfg = Release|ARM
		{8EC2C76E-C21F-4ABA-A369-93BE1F675B17}.Release|ARM.Build.0 = Release|ARM
		{8EC2C76E-C21F-4ABA-A369-93BE1F675B17}.Release|ARM.Deploy.0 = Release|ARM
		{8EC2C76E-C21F-4ABA-A369-93BE1F675B17}.Release|x64.ActiveCfg = Release|x64
		{8EC2C76E-C21F-4ABA-A369-93BE1F675B17}.Release|x64.Build.0 = Release|x64
		{8EC2C76E-C21F-4ABA-A369-93BE1F675B17}.Release|x64.Deploy.0 = Release|x64
		{8EC2C76E-C21F-4ABA-A369-93BE1F675B17}.Release|x86.ActiveCfg = Release|x86
		{8EC2C76E-C21F-4ABA-A369-93BE1F675B17}.Release|x86.Build.0 = Release|x86
		{8EC2C76E-C21F-4ABA-A369-93BE1F675B17}.Release|x86.Deploy.0 = Release|x86
		{F7672958-A3D4-4D92-8E18-824A96C0B6E7}.Debug|Any CPU.ActiveCfg = Debug|Any CPU
		{F7672958-A3D4-4D92-8E18-824A96C0B6E7}.Debug|Any CPU.Build.0 = Debug|Any CPU
		{F7672958-A3D4-4D92-8E18-824A96C0B6E7}.Debug|ARM.ActiveCfg = Debug|Any CPU
		{F7672958-A3D4-4D92-8E18-824A96C0B6E7}.Debug|x64.ActiveCfg = Debug|Any CPU
		{F7672958-A3D4-4D92-8E18-824A96C0B6E7}.Debug|x86.ActiveCfg = Debug|Any CPU
		{F7672958-A3D4-4D92-8E18-824A96C0B6E7}.Release|Any CPU.ActiveCfg = Release|Any CPU
		{F7672958-A3D4-4D92-8E18-824A96C0B6E7}.Release|Any CPU.Build.0 = Release|Any CPU
		{F7672958-A3D4-4D92-8E18-824A96C0B6E7}.Release|ARM.ActiveCfg = Release|Any CPU
		{F7672958-A3D4-4D92-8E18-824A96C0B6E7}.Release|x64.ActiveCfg = Release|Any CPU
		{F7672958-A3D4-4D92-8E18-824A96C0B6E7}.Release|x86.ActiveCfg = Release|Any CPU
		{A180110E-FB56-49A9-8F7E-3F59911C0F8A}.Debug|Any CPU.ActiveCfg = Debug|Any CPU
		{A180110E-FB56-49A9-8F7E-3F59911C0F8A}.Debug|Any CPU.Build.0 = Debug|Any CPU
		{A180110E-FB56-49A9-8F7E-3F59911C0F8A}.Debug|Any CPU.Deploy.0 = Debug|Any CPU
		{A180110E-FB56-49A9-8F7E-3F59911C0F8A}.Debug|ARM.ActiveCfg = Debug|ARM
		{A180110E-FB56-49A9-8F7E-3F59911C0F8A}.Debug|ARM.Build.0 = Debug|ARM
		{A180110E-FB56-49A9-8F7E-3F59911C0F8A}.Debug|ARM.Deploy.0 = Debug|ARM
		{A180110E-FB56-49A9-8F7E-3F59911C0F8A}.Debug|x64.ActiveCfg = Debug|x64
		{A180110E-FB56-49A9-8F7E-3F59911C0F8A}.Debug|x64.Build.0 = Debug|x64
		{A180110E-FB56-49A9-8F7E-3F59911C0F8A}.Debug|x64.Deploy.0 = Debug|x64
		{A180110E-FB56-49A9-8F7E-3F59911C0F8A}.Debug|x86.ActiveCfg = Debug|x86
		{A180110E-FB56-49A9-8F7E-3F59911C0F8A}.Debug|x86.Build.0 = Debug|x86
		{A180110E-FB56-49A9-8F7E-3F59911C0F8A}.Debug|x86.Deploy.0 = Debug|x86
		{A180110E-FB56-49A9-8F7E-3F59911C0F8A}.Release|Any CPU.ActiveCfg = Release|Any CPU
		{A180110E-FB56-49A9-8F7E-3F59911C0F8A}.Release|Any CPU.Build.0 = Release|Any CPU
		{A180110E-FB56-49A9-8F7E-3F59911C0F8A}.Release|Any CPU.Deploy.0 = Release|Any CPU
		{A180110E-FB56-49A9-8F7E-3F59911C0F8A}.Release|ARM.ActiveCfg = Release|ARM
		{A180110E-FB56-49A9-8F7E-3F59911C0F8A}.Release|ARM.Build.0 = Release|ARM
		{A180110E-FB56-49A9-8F7E-3F59911C0F8A}.Release|ARM.Deploy.0 = Release|ARM
		{A180110E-FB56-49A9-8F7E-3F59911C0F8A}.Release|x64.ActiveCfg = Release|x64
		{A180110E-FB56-49A9-8F7E-3F59911C0F8A}.Release|x64.Build.0 = Release|x64
		{A180110E-FB56-49A9-8F7E-3F59911C0F8A}.Release|x64.Deploy.0 = Release|x64
		{A180110E-FB56-49A9-8F7E-3F59911C0F8A}.Release|x86.ActiveCfg = Release|x86
		{A180110E-FB56-49A9-8F7E-3F59911C0F8A}.Release|x86.Build.0 = Release|x86
		{A180110E-FB56-49A9-8F7E-3F59911C0F8A}.Release|x86.Deploy.0 = Release|x86
	EndGlobalSection
	GlobalSection(SolutionProperties) = preSolution
		HideSolutionNode = FALSE
	EndGlobalSection
	GlobalSection(NestedProjects) = preSolution
		{8EC2C76E-C21F-4ABA-A369-93BE1F675B17} = {ACDC7360-A651-4A94-9215-5200D6BF36FD}
		{D5FE0077-41DE-4F02-B060-0FA9868FBB5C} = {ACDC7360-A651-4A94-9215-5200D6BF36FD}
		{73E98A65-B932-4054-833A-707E96C4AD34} = {ACDC7360-A651-4A94-9215-5200D6BF36FD}
		{F7672958-A3D4-4D92-8E18-824A96C0B6E7} = {ACDC7360-A651-4A94-9215-5200D6BF36FD}
		{A180110E-FB56-49A9-8F7E-3F59911C0F8A} = {DFB0032B-EF1F-4F35-BCD8-8C1366F41323}
	EndGlobalSection
EndGlobal
