
Microsoft Visual Studio Solution File, Format Version 12.00
# Visual Studio 2012
Project("{FAE04EC0-301F-11D3-BF4B-00C04F79EFBC}") = "HavingYourCoffeeExample1", "HavingYourCoffeeExample1\HavingYourCoffeeExample1.csproj", "{AD9628B0-EF40-42E2-94F8-67C54E50434C}"
EndProject
Project("{FAE04EC0-301F-11D3-BF4B-00C04F79EFBC}") = "HavingYourCoffeeMVCExample", "HavingYourCoffeeMVCExample\HavingYourCoffeeMVCExample.csproj", "{528301B8-B4B5-4DA5-A991-3B0289639D08}"
EndProject
Global
	GlobalSection(SolutionConfigurationPlatforms) = preSolution
		Debug|Any CPU = Debug|Any CPU
		Release|Any CPU = Release|Any CPU
	EndGlobalSection
	GlobalSection(ProjectConfigurationPlatforms) = postSolution
		{AD9628B0-EF40-42E2-94F8-67C54E50434C}.Debug|Any CPU.ActiveCfg = Debug|Any CPU
		{AD9628B0-EF40-42E2-94F8-67C54E50434C}.Debug|Any CPU.Build.0 = Debug|Any CPU
		{AD9628B0-EF40-42E2-94F8-67C54E50434C}.Release|Any CPU.ActiveCfg = Release|Any CPU
		{AD9628B0-EF40-42E2-94F8-67C54E50434C}.Release|Any CPU.Build.0 = Release|Any CPU
		{528301B8-B4B5-4DA5-A991-3B0289639D08}.Debug|Any CPU.ActiveCfg = Debug|Any CPU
		{528301B8-B4B5-4DA5-A991-3B0289639D08}.Debug|Any CPU.Build.0 = Debug|Any CPU
		{528301B8-B4B5-4DA5-A991-3B0289639D08}.Release|Any CPU.ActiveCfg = Release|Any CPU
		{528301B8-B4B5-4DA5-A991-3B0289639D08}.Release|Any CPU.Build.0 = Release|Any CPU
	EndGlobalSection
	GlobalSection(SolutionProperties) = preSolution
		HideSolutionNode = FALSE
	EndGlobalSection
EndGlobal
